
Microsoft Visual Studio Solution File, Format Version 12.00
# Visual Studio 2012
Project("{2150E333-8FDC-42A3-9474-1A3956D46DE8}") = "bl", "bl", "{8171DE8D-D7E9-47F2-B1DF-F34A0660AE60}"
EndProject
Project("{2150E333-8FDC-42A3-9474-1A3956D46DE8}") = "dal", "dal", "{AC518835-AC57-47D9-A790-9C16570438D1}"
EndProject
Project("{2150E333-8FDC-42A3-9474-1A3956D46DE8}") = "Services", "Services", "{3F85BC4F-30DB-4D2D-8E35-6A9AFD8097F5}"
EndProject
Project("{E24C65DC-7377-472B-9ABA-BC803B73C61A}") = "LeSite", "http://localhost:53479", "{72366A2D-6070-4270-BB07-E380021DBB45}"
	ProjectSection(WebsiteProperties) = preProject
		UseIISExpress = "true"
		TargetFrameworkMoniker = ".NETFramework,Version%3Dv3.5"
		Debug.AspNetCompiler.VirtualPath = "/localhost_53479"
		Debug.AspNetCompiler.PhysicalPath = "LeSite\"
		Debug.AspNetCompiler.TargetPath = "PrecompiledWeb\localhost_53479\"
		Debug.AspNetCompiler.Updateable = "true"
		Debug.AspNetCompiler.ForceOverwrite = "true"
		Debug.AspNetCompiler.FixedNames = "false"
		Debug.AspNetCompiler.Debug = "True"
		Release.AspNetCompiler.VirtualPath = "/localhost_53479"
		Release.AspNetCompiler.PhysicalPath = "LeSite\"
		Release.AspNetCompiler.TargetPath = "PrecompiledWeb\localhost_53479\"
		Release.AspNetCompiler.Updateable = "true"
		Release.AspNetCompiler.ForceOverwrite = "true"
		Release.AspNetCompiler.FixedNames = "false"
		Release.AspNetCompiler.Debug = "False"
		SlnRelativePath = "LeSite\"
		DefaultWebSiteLanguage = "Visual C#"
	EndProjectSection
EndProject
Project("{2150E333-8FDC-42A3-9474-1A3956D46DE8}") = "UI", "UI", "{62F87627-7521-4D55-9535-3A18D58C4E04}"
EndProject
Project("{FAE04EC0-301F-11D3-BF4B-00C04F79EFBC}") = "ClsHotel", "ClsHotel\ClsHotel.csproj", "{EE12EBAB-BC2E-4861-A90A-1B915658722F}"
EndProject
Project("{FAE04EC0-301F-11D3-BF4B-00C04F79EFBC}") = "ClsVol", "ClsVol\ClsVol.csproj", "{7561262E-26A0-4E05-B5A1-4C19518E479E}"
EndProject
Project("{FAE04EC0-301F-11D3-BF4B-00C04F79EFBC}") = "ClsCmdVol", "ClsCmdVol\ClsCmdVol.csproj", "{93C89CA5-2B6C-451F-B359-4AA8392E3D77}"
EndProject
Project("{FAE04EC0-301F-11D3-BF4B-00C04F79EFBC}") = "ClsCmdHotel", "ClsCmdHotel\ClsCmdHotel.csproj", "{0437CBBE-28BB-4774-8E6C-6C58D97BE99A}"
EndProject
Project("{FAE04EC0-301F-11D3-BF4B-00C04F79EFBC}") = "ClsListerVol", "ClsListerVol\ClsListerVol.csproj", "{8D014F55-4E4F-4FEE-8479-E2D075696CF5}"
EndProject
Project("{FAE04EC0-301F-11D3-BF4B-00C04F79EFBC}") = "ClsListerHotel", "ClsListerHotel\ClsListerHotel.csproj", "{1E559E2D-B701-4171-A289-5F64D665EF45}"
EndProject
Global
	GlobalSection(SolutionConfigurationPlatforms) = preSolution
		Debug|Any CPU = Debug|Any CPU
		Release|Any CPU = Release|Any CPU
	EndGlobalSection
	GlobalSection(ProjectConfigurationPlatforms) = postSolution
		{72366A2D-6070-4270-BB07-E380021DBB45}.Debug|Any CPU.ActiveCfg = Debug|Any CPU
		{72366A2D-6070-4270-BB07-E380021DBB45}.Debug|Any CPU.Build.0 = Debug|Any CPU
		{72366A2D-6070-4270-BB07-E380021DBB45}.Release|Any CPU.ActiveCfg = Debug|Any CPU
		{72366A2D-6070-4270-BB07-E380021DBB45}.Release|Any CPU.Build.0 = Debug|Any CPU
		{EE12EBAB-BC2E-4861-A90A-1B915658722F}.Debug|Any CPU.ActiveCfg = Debug|Any CPU
		{EE12EBAB-BC2E-4861-A90A-1B915658722F}.Debug|Any CPU.Build.0 = Debug|Any CPU
		{EE12EBAB-BC2E-4861-A90A-1B915658722F}.Release|Any CPU.ActiveCfg = Release|Any CPU
		{EE12EBAB-BC2E-4861-A90A-1B915658722F}.Release|Any CPU.Build.0 = Release|Any CPU
		{7561262E-26A0-4E05-B5A1-4C19518E479E}.Debug|Any CPU.ActiveCfg = Debug|Any CPU
		{7561262E-26A0-4E05-B5A1-4C19518E479E}.Debug|Any CPU.Build.0 = Debug|Any CPU
		{7561262E-26A0-4E05-B5A1-4C19518E479E}.Release|Any CPU.ActiveCfg = Release|Any CPU
		{7561262E-26A0-4E05-B5A1-4C19518E479E}.Release|Any CPU.Build.0 = Release|Any CPU
		{93C89CA5-2B6C-451F-B359-4AA8392E3D77}.Debug|Any CPU.ActiveCfg = Debug|Any CPU
		{93C89CA5-2B6C-451F-B359-4AA8392E3D77}.Debug|Any CPU.Build.0 = Debug|Any CPU
		{93C89CA5-2B6C-451F-B359-4AA8392E3D77}.Release|Any CPU.ActiveCfg = Release|Any CPU
		{93C89CA5-2B6C-451F-B359-4AA8392E3D77}.Release|Any CPU.Build.0 = Release|Any CPU
		{0437CBBE-28BB-4774-8E6C-6C58D97BE99A}.Debug|Any CPU.ActiveCfg = Debug|Any CPU
		{0437CBBE-28BB-4774-8E6C-6C58D97BE99A}.Debug|Any CPU.Build.0 = Debug|Any CPU
		{0437CBBE-28BB-4774-8E6C-6C58D97BE99A}.Release|Any CPU.ActiveCfg = Release|Any CPU
		{0437CBBE-28BB-4774-8E6C-6C58D97BE99A}.Release|Any CPU.Build.0 = Release|Any CPU
		{8D014F55-4E4F-4FEE-8479-E2D075696CF5}.Debug|Any CPU.ActiveCfg = Debug|Any CPU
		{8D014F55-4E4F-4FEE-8479-E2D075696CF5}.Debug|Any CPU.Build.0 = Debug|Any CPU
		{8D014F55-4E4F-4FEE-8479-E2D075696CF5}.Release|Any CPU.ActiveCfg = Release|Any CPU
		{8D014F55-4E4F-4FEE-8479-E2D075696CF5}.Release|Any CPU.Build.0 = Release|Any CPU
		{1E559E2D-B701-4171-A289-5F64D665EF45}.Debug|Any CPU.ActiveCfg = Debug|Any CPU
		{1E559E2D-B701-4171-A289-5F64D665EF45}.Debug|Any CPU.Build.0 = Debug|Any CPU
		{1E559E2D-B701-4171-A289-5F64D665EF45}.Release|Any CPU.ActiveCfg = Release|Any CPU
		{1E559E2D-B701-4171-A289-5F64D665EF45}.Release|Any CPU.Build.0 = Release|Any CPU
	EndGlobalSection
	GlobalSection(SolutionProperties) = preSolution
		HideSolutionNode = FALSE
	EndGlobalSection
	GlobalSection(NestedProjects) = preSolution
		{8D014F55-4E4F-4FEE-8479-E2D075696CF5} = {8171DE8D-D7E9-47F2-B1DF-F34A0660AE60}
		{1E559E2D-B701-4171-A289-5F64D665EF45} = {8171DE8D-D7E9-47F2-B1DF-F34A0660AE60}
		{EE12EBAB-BC2E-4861-A90A-1B915658722F} = {AC518835-AC57-47D9-A790-9C16570438D1}
		{7561262E-26A0-4E05-B5A1-4C19518E479E} = {AC518835-AC57-47D9-A790-9C16570438D1}
		{93C89CA5-2B6C-451F-B359-4AA8392E3D77} = {AC518835-AC57-47D9-A790-9C16570438D1}
		{0437CBBE-28BB-4774-8E6C-6C58D97BE99A} = {AC518835-AC57-47D9-A790-9C16570438D1}
		{72366A2D-6070-4270-BB07-E380021DBB45} = {62F87627-7521-4D55-9535-3A18D58C4E04}
	EndGlobalSection
EndGlobal
